{
  "name": "clase10",
  "version": "1.0.0",
  "lockfileVersion": 1,
  "requires": true,
  "dependencies": {
    "lodash": {
      "version": "4.17.20",
      "resolved": "https://registry.npmjs.org/lodash/-/lodash-4.17.20.tgz",
      "integrity": "sha512-PlhdFcillOINfeV7Ni6oF1TAEayyZBoZ8bcshTHqOYJYlrqzRK5hagpagky5o4HfCzzd1TRkXPMFq6cKk9rGmA=="
    },
    "rambda": {
      "version": "6.3.1",
      "resolved": "https://registry.npmjs.org/rambda/-/rambda-6.3.1.tgz",
      "integrity": "sha512-/iUE52vD8cfRcV/4gqcTZFvooLExJavzO9dcNI+vGLIzNU0e/OOi0jztE2OFFF/AvAKLCChgNfbJAFYnj5Lj2Q=="
    }
  }
}
